// !$*UTF8*$!
{
	archiveVersion = 1;
	classes = {
	};
	objectVersion = 50;
	objects = {

/* Begin PBXBuildFile section */
		3E8D3F3D257CE82D0037B458 /* AppDelegate.swift in Sources */ = {isa = PBXBuildFile; fileRef = 3E8D3F3C257CE82D0037B458 /* AppDelegate.swift */; };
		3E8D3F3F257CE82D0037B458 /* SceneDelegate.swift in Sources */ = {isa = PBXBuildFile; fileRef = 3E8D3F3E257CE82D0037B458 /* SceneDelegate.swift */; };
		3E8D3F41257CE82D0037B458 /* ViewController.swift in Sources */ = {isa = PBXBuildFile; fileRef = 3E8D3F40257CE82D0037B458 /* ViewController.swift */; };
		3E8D3F44257CE82D0037B458 /* Main.storyboard in Resources */ = {isa = PBXBuildFile; fileRef = 3E8D3F42257CE82D0037B458 /* Main.storyboard */; };
		3E8D3F47257CE82D0037B458 /* ArtBookProject.xcdatamodeld in Sources */ = {isa = PBXBuildFile; fileRef = 3E8D3F45257CE82D0037B458 /* ArtBookProject.xcdatamodeld */; };
		3E8D3F49257CE82E0037B458 /* Assets.xcassets in Resources */ = {isa = PBXBuildFile; fileRef = 3E8D3F48257CE82E0037B458 /* Assets.xcassets */; };
		3E8D3F4C257CE82E0037B458 /* LaunchScreen.storyboard in Resources */ = {isa = PBXBuildFile; fileRef = 3E8D3F4A257CE82E0037B458 /* LaunchScreen.storyboard */; };
		3E8D3F55257CEEF10037B458 /* DetailsVC.swift in Sources */ = {isa = PBXBuildFile; fileRef = 3E8D3F54257CEEF10037B458 /* DetailsVC.swift */; };
		3E8D3F58257D00890037B458 /* image_select.jpg in Resources */ = {isa = PBXBuildFile; fileRef = 3E8D3F57257D00890037B458 /* image_select.jpg */; };
/* End PBXBuildFile section */

/* Begin PBXFileReference section */
		3E8D3F39257CE82D0037B458 /* ArtBookProject.app */ = {isa = PBXFileReference; explicitFileType = wrapper.application; includeInIndex = 0; path = ArtBookProject.app; sourceTree = BUILT_PRODUCTS_DIR; };
		3E8D3F3C257CE82D0037B458 /* AppDelegate.swift */ = {isa = PBXFileReference; lastKnownFileType = sourcecode.swift; path = AppDelegate.swift; sourceTree = "<group>"; };
		3E8D3F3E257CE82D0037B458 /* SceneDelegate.swift */ = {isa = PBXFileReference; lastKnownFileType = sourcecode.swift; path = SceneDelegate.swift; sourceTree = "<group>"; };
		3E8D3F40257CE82D0037B458 /* ViewController.swift */ = {isa = PBXFileReference; lastKnownFileType = sourcecode.swift; path = ViewController.swift; sourceTree = "<group>"; };
		3E8D3F43257CE82D0037B458 /* Base */ = {isa = PBXFileReference; lastKnownFileType = file.storyboard; name = Base; path = Base.lproj/Main.storyboard; sourceTree = "<group>"; };
		3E8D3F46257CE82D0037B458 /* ArtBookProject.xcdatamodel */ = {isa = PBXFileReference; lastKnownFileType = wrapper.xcdatamodel; path = ArtBookProject.xcdatamodel; sourceTree = "<group>"; };
		3E8D3F48257CE82E0037B458 /* Assets.xcassets */ = {isa = PBXFileReference; lastKnownFileType = folder.assetcatalog; path = Assets.xcassets; sourceTree = "<group>"; };
		3E8D3F4B257CE82E0037B458 /* Base */ = {isa = PBXFileReference; lastKnownFileType = file.storyboard; name = Base; path = Base.lproj/LaunchScreen.storyboard; sourceTree = "<group>"; };
		3E8D3F4D257CE82E0037B458 /* Info.plist */ = {isa = PBXFileReference; lastKnownFileType = text.plist.xml; path = Info.plist; sourceTree = "<group>"; };
		3E8D3F54257CEEF10037B458 /* DetailsVC.swift */ = {isa = PBXFileReference; lastKnownFileType = sourcecode.swift; path = DetailsVC.swift; sourceTree = "<group>"; };
		3E8D3F57257D00890037B458 /* image_select.jpg */ = {isa = PBXFileReference; lastKnownFileType = image.jpeg; path = image_select.jpg; sourceTree = "<group>"; };
/* End PBXFileReference section */

/* Begin PBXFrameworksBuildPhase section */
		3E8D3F36257CE82C0037B458 /* Frameworks */ = {
			isa = PBXFrameworksBuildPhase;
			buildActionMask = 2147483647;
			files = (
			);
			runOnlyForDeploymentPostprocessing = 0;
		};
/* End PBXFrameworksBuildPhase section */

/* Begin PBXGroup section */
		3E8D3F30257CE82C0037B458 = {
			isa = PBXGroup;
			children = (
				3E8D3F3B257CE82D0037B458 /* ArtBookProject */,
				3E8D3F3A257CE82D0037B458 /* Products */,
			);
			sourceTree = "<group>";
		};
		3E8D3F3A257CE82D0037B458 /* Products */ = {
			isa = PBXGroup;
			children = (
				3E8D3F39257CE82D0037B458 /* ArtBookProject.app */,
			);
			name = Products;
			sourceTree = "<group>";
		};
		3E8D3F3B257CE82D0037B458 /* ArtBookProject */ = {
			isa = PBXGroup;
			children = (
				3E8D3F57257D00890037B458 /* image_select.jpg */,
				3E8D3F3C257CE82D0037B458 /* AppDelegate.swift */,
				3E8D3F3E257CE82D0037B458 /* SceneDelegate.swift */,
				3E8D3F40257CE82D0037B458 /* ViewController.swift */,
				3E8D3F42257CE82D0037B458 /* Main.storyboard */,
				3E8D3F48257CE82E0037B458 /* Assets.xcassets */,
				3E8D3F4A257CE82E0037B458 /* LaunchScreen.storyboard */,
				3E8D3F4D257CE82E0037B458 /* Info.plist */,
				3E8D3F45257CE82D0037B458 /* ArtBookProject.xcdatamodeld */,
				3E8D3F54257CEEF10037B458 /* DetailsVC.swift */,
			);
			path = ArtBookProject;
			sourceTree = "<group>";
		};
/* End PBXGroup section */

/* Begin PBXNativeTarget section */
		3E8D3F38257CE82C0037B458 /* ArtBookProject */ = {
			isa = PBXNativeTarget;
			buildConfigurationList = 3E8D3F50257CE82E0037B458 /* Build configuration list for PBXNativeTarget "ArtBookProject" */;
			buildPhases = (
				3E8D3F35257CE82C0037B458 /* Sources */,
				3E8D3F36257CE82C0037B458 /* Frameworks */,
				3E8D3F37257CE82C0037B458 /* Resources */,
			);
			buildRules = (
			);
			dependencies = (
			);
			name = ArtBookProject;
			productName = ArtBookProject;
			productReference = 3E8D3F39257CE82D0037B458 /* ArtBookProject.app */;
			productType = "com.apple.product-type.application";
		};
/* End PBXNativeTarget section */

/* Begin PBXProject section */
		3E8D3F31257CE82C0037B458 /* Project object */ = {
			isa = PBXProject;
			attributes = {
				LastSwiftUpdateCheck = 1220;
				LastUpgradeCheck = 1220;
				TargetAttributes = {
					3E8D3F38257CE82C0037B458 = {
						CreatedOnToolsVersion = 12.2;
					};
				};
			};
			buildConfigurationList = 3E8D3F34257CE82C0037B458 /* Build configuration list for PBXProject "ArtBookProject" */;
			compatibilityVersion = "Xcode 9.3";
			developmentRegion = en;
			hasScannedForEncodings = 0;
			knownRegions = (
				en,
				Base,
			);
			mainGroup = 3E8D3F30257CE82C0037B458;
			productRefGroup = 3E8D3F3A257CE82D0037B458 /* Products */;
			projectDirPath = "";
			projectRoot = "";
			targets = (
				3E8D3F38257CE82C0037B458 /* ArtBookProject */,
			);
		};
/* End PBXProject section */

/* Begin PBXResourcesBuildPhase section */
		3E8D3F37257CE82C0037B458 /* Resources */ = {
			isa = PBXResourcesBuildPhase;
			buildActionMask = 2147483647;
			files = (
				3E8D3F4C257CE82E0037B458 /* LaunchScreen.storyboard in Resources */,
				3E8D3F58257D00890037B458 /* image_select.jpg in Resources */,
				3E8D3F49257CE82E0037B458 /* Assets.xcassets in Resources */,
				3E8D3F44257CE82D0037B458 /* Main.storyboard in Resources */,
			);
			runOnlyForDeploymentPostprocessing = 0;
		};
/* End PBXResourcesBuildPhase section */

/* Begin PBXSourcesBuildPhase section */
		3E8D3F35257CE82C0037B458 /* Sources */ = {
			isa = PBXSourcesBuildPhase;
			buildActionMask = 2147483647;
			files = (
				3E8D3F47257CE82D0037B458 /* ArtBookProject.xcdatamodeld in Sources */,
				3E8D3F41257CE82D0037B458 /* ViewController.swift in Sources */,
				3E8D3F3D257CE82D0037B458 /* AppDelegate.swift in Sources */,
				3E8D3F3F257CE82D0037B458 /* SceneDelegate.swift in Sources */,
				3E8D3F55257CEEF10037B458 /* DetailsVC.swift in Sources */,
			);
			runOnlyForDeploymentPostprocessing = 0;
		};
/* End PBXSourcesBuildPhase section */

/* Begin PBXVariantGroup section */
		3E8D3F42257CE82D0037B458 /* Main.storyboard */ = {
			isa = PBXVariantGroup;
			children = (
				3E8D3F43257CE82D0037B458 /* Base */,
			);
			name = Main.storyboard;
			sourceTree = "<group>";
		};
		3E8D3F4A257CE82E0037B458 /* LaunchScreen.storyboard */ = {
			isa = PBXVariantGroup;
			children = (
				3E8D3F4B257CE82E0037B458 /* Base */,
			);
			name = LaunchScreen.storyboard;
			sourceTree = "<group>";
		};
/* End PBXVariantGroup section */

/* Begin XCBuildConfiguration section */
		3E8D3F4E257CE82E0037B458 /* Debug */ = {
			isa = XCBuildConfiguration;
			buildSettings = {
				ALWAYS_SEARCH_USER_PATHS = NO;
				CLANG_ANALYZER_NONNULL = YES;
				CLANG_ANALYZER_NUMBER_OBJECT_CONVERSION = YES_AGGRESSIVE;
				CLANG_CXX_LANGUAGE_STANDARD = "gnu++14";
				CLANG_CXX_LIBRARY = "libc++";
				CLANG_ENABLE_MODULES = YES;
				CLANG_ENABLE_OBJC_ARC = YES;
				CLANG_ENABLE_OBJC_WEAK = YES;
				CLANG_WARN_BLOCK_CAPTURE_AUTORELEASING = YES;
				CLANG_WARN_BOOL_CONVERSION = YES;
				CLANG_WARN_COMMA = YES;
				CLANG_WARN_CONSTANT_CONVERSION = YES;
				CLANG_WARN_DEPRECATED_OBJC_IMPLEMENTATIONS = YES;
				CLANG_WARN_DIRECT_OBJC_ISA_USAGE = YES_ERROR;
				CLANG_WARN_DOCUMENTATION_COMMENTS = YES;
				CLANG_WARN_EMPTY_BODY = YES;
				CLANG_WARN_ENUM_CONVERSION = YES;
				CLANG_WARN_INFINITE_RECURSION = YES;
				CLANG_WARN_INT_CONVERSION = YES;
				CLANG_WARN_NON_LITERAL_NULL_CONVERSION = YES;
				CLANG_WARN_OBJC_IMPLICIT_RETAIN_SELF = YES;
				CLANG_WARN_OBJC_LITERAL_CONVERSION = YES;
				CLANG_WARN_OBJC_ROOT_CLASS = YES_ERROR;
				CLANG_WARN_QUOTED_INCLUDE_IN_FRAMEWORK_HEADER = YES;
				CLANG_WARN_RANGE_LOOP_ANALYSIS = YES;
				CLANG_WARN_STRICT_PROTOTYPES = YES;
				CLANG_WARN_SUSPICIOUS_MOVE = YES;
				CLANG_WARN_UNGUARDED_AVAILABILITY = YES_AGGRESSIVE;
				CLANG_WARN_UNREACHABLE_CODE = YES;
				CLANG_WARN__DUPLICATE_METHOD_MATCH = YES;
				COPY_PHASE_STRIP = NO;
				DEBUG_INFORMATION_FORMAT = dwarf;
				ENABLE_STRICT_OBJC_MSGSEND = YES;
				ENABLE_TESTABILITY = YES;
				GCC_C_LANGUAGE_STANDARD = gnu11;
				GCC_DYNAMIC_NO_PIC = NO;
				GCC_NO_COMMON_BLOCKS = YES;
				GCC_OPTIMIZATION_LEVEL = 0;
				GCC_PREPROCESSOR_DEFINITIONS = (
					"DEBUG=1",
					"$(inherited)",
				);
				GCC_WARN_64_TO_32_BIT_CONVERSION = YES;
				GCC_WARN_ABOUT_RETURN_TYPE = YES_ERROR;
				GCC_WARN_UNDECLARED_SELECTOR = YES;
				GCC_WARN_UNINITIALIZED_AUTOS = YES_AGGRESSIVE;
				GCC_WARN_UNUSED_FUNCTION = YES;
				GCC_WARN_UNUSED_VARIABLE = YES;
				IPHONEOS_DEPLOYMENT_TARGET = 14.2;
				MTL_ENABLE_DEBUG_INFO = INCLUDE_SOURCE;
				MTL_FAST_MATH = YES;
				ONLY_ACTIVE_ARCH = YES;
				SDKROOT = iphoneos;
				SWIFT_ACTIVE_COMPILATION_CONDITIONS = DEBUG;
				SWIFT_OPTIMIZATION_LEVEL = "-Onone";
			};
			name = Debug;
		};
		3E8D3F4F257CE82E0037B458 /* Release */ = {
			isa = XCBuildConfiguration;
			buildSettings = {
				ALWAYS_SEARCH_USER_PATHS = NO;
				CLANG_ANALYZER_NONNULL = YES;
				CLANG_ANALYZER_NUMBER_OBJECT_CONVERSION = YES_AGGRESSIVE;
				CLANG_CXX_LANGUAGE_STANDARD = "gnu++14";
				CLANG_CXX_LIBRARY = "libc++";
				CLANG_ENABLE_MODULES = YES;
				CLANG_ENABLE_OBJC_ARC = YES;
				CLANG_ENABLE_OBJC_WEAK = YES;
				CLANG_WARN_BLOCK_CAPTURE_AUTORELEASING = YES;
				CLANG_WARN_BOOL_CONVERSION = YES;
				CLANG_WARN_COMMA = YES;
				CLANG_WARN_CONSTANT_CONVERSION = YES;
				CLANG_WARN_DEPRECATED_OBJC_IMPLEMENTATIONS = YES;
				CLANG_WARN_DIRECT_OBJC_ISA_USAGE = YES_ERROR;
				CLANG_WARN_DOCUMENTATION_COMMENTS = YES;
				CLANG_WARN_EMPTY_BODY = YES;
				CLANG_WARN_ENUM_CONVERSION = YES;
				CLANG_WARN_INFINITE_RECURSION = YES;
				CLANG_WARN_INT_CONVERSION = YES;
				CLANG_WARN_NON_LITERAL_NULL_CONVERSION = YES;
				CLANG_WARN_OBJC_IMPLICIT_RETAIN_SELF = YES;
				CLANG_WARN_OBJC_LITERAL_CONVERSION = YES;
				CLANG_WARN_OBJC_ROOT_CLASS = YES_ERROR;
				CLANG_WARN_QUOTED_INCLUDE_IN_FRAMEWORK_HEADER = YES;
				CLANG_WARN_RANGE_LOOP_ANALYSIS = YES;
				CLANG_WARN_STRICT_PROTOTYPES = YES;
				CLANG_WARN_SUSPICIOUS_MOVE = YES;
				CLANG_WARN_UNGUARDED_AVAILABILITY = YES_AGGRESSIVE;
				CLANG_WARN_UNREACHABLE_CODE = YES;
				CLANG_WARN__DUPLICATE_METHOD_MATCH = YES;
				COPY_PHASE_STRIP = NO;
				DEBUG_INFORMATION_FORMAT = "dwarf-with-dsym";
				ENABLE_NS_ASSERTIONS = NO;
				ENABLE_STRICT_OBJC_MSGSEND = YES;
				GCC_C_LANGUAGE_STANDARD = gnu11;
				GCC_NO_COMMON_BLOCKS = YES;
				GCC_WARN_64_TO_32_BIT_CONVERSION = YES;
				GCC_WARN_ABOUT_RETURN_TYPE = YES_ERROR;
				GCC_WARN_UNDECLARED_SELECTOR = YES;
				GCC_WARN_UNINITIALIZED_AUTOS = YES_AGGRESSIVE;
				GCC_WARN_UNUSED_FUNCTION = YES;
				GCC_WARN_UNUSED_VARIABLE = YES;
				IPHONEOS_DEPLOYMENT_TARGET = 14.2;
				MTL_ENABLE_DEBUG_INFO = NO;
				MTL_FAST_MATH = YES;
				SDKROOT = iphoneos;
				SWIFT_COMPILATION_MODE = wholemodule;
				SWIFT_OPTIMIZATION_LEVEL = "-O";
				VALIDATE_PRODUCT = YES;
			};
			name = Release;
		};
		3E8D3F51257CE82E0037B458 /* Debug */ = {
			isa = XCBuildConfiguration;
			buildSettings = {
				ASSETCATALOG_COMPILER_APPICON_NAME = AppIcon;
				ASSETCATALOG_COMPILER_GLOBAL_ACCENT_COLOR_NAME = AccentColor;
				CODE_SIGN_STYLE = Automatic;
				DEVELOPMENT_TEAM = RL7KBJ5JQE;
				INFOPLIST_FILE = ArtBookProject/Info.plist;
				LD_RUNPATH_SEARCH_PATHS = (
					"$(inherited)",
					"@executable_path/Frameworks",
				);
				PRODUCT_BUNDLE_IDENTIFIER = Working.ArtBookProject;
				PRODUCT_NAME = "$(TARGET_NAME)";
				SWIFT_VERSION = 5.0;
				TARGETED_DEVICE_FAMILY = "1,2";
			};
			name = Debug;
		};
		3E8D3F52257CE82E0037B458 /* Release */ = {
			isa = XCBuildConfiguration;
			buildSettings = {
				ASSETCATALOG_COMPILER_APPICON_NAME = AppIcon;
				ASSETCATALOG_COMPILER_GLOBAL_ACCENT_COLOR_NAME = AccentColor;
				CODE_SIGN_STYLE = Automatic;
				DEVELOPMENT_TEAM = RL7KBJ5JQE;
				INFOPLIST_FILE = ArtBookProject/Info.plist;
				LD_RUNPATH_SEARCH_PATHS = (
					"$(inherited)",
					"@executable_path/Frameworks",
				);
				PRODUCT_BUNDLE_IDENTIFIER = Working.ArtBookProject;
				PRODUCT_NAME = "$(TARGET_NAME)";
				SWIFT_VERSION = 5.0;
				TARGETED_DEVICE_FAMILY = "1,2";
			};
			name = Release;
		};
/* End XCBuildConfiguration section */

/* Begin XCConfigurationList section */
		3E8D3F34257CE82C0037B458 /* Build configuration list for PBXProject "ArtBookProject" */ = {
			isa = XCConfigurationList;
			buildConfigurations = (
				3E8D3F4E257CE82E0037B458 /* Debug */,
				3E8D3F4F257CE82E0037B458 /* Release */,
			);
			defaultConfigurationIsVisible = 0;
			defaultConfigurationName = Release;
		};
		3E8D3F50257CE82E0037B458 /* Build configuration list for PBXNativeTarget "ArtBookProject" */ = {
			isa = XCConfigurationList;
			buildConfigurations = (
				3E8D3F51257CE82E0037B458 /* Debug */,
				3E8D3F52257CE82E0037B458 /* Release */,
			);
			defaultConfigurationIsVisible = 0;
			defaultConfigurationName = Release;
		};
/* End XCConfigurationList section */

/* Begin XCVersionGroup section */
		3E8D3F45257CE82D0037B458 /* ArtBookProject.xcdatamodeld */ = {
			isa = XCVersionGroup;
			children = (
				3E8D3F46257CE82D0037B458 /* ArtBookProject.xcdatamodel */,
			);
			currentVersion = 3E8D3F46257CE82D0037B458 /* ArtBookProject.xcdatamodel */;
			path = ArtBookProject.xcdatamodeld;
			sourceTree = "<group>";
			versionGroupType = wrapper.xcdatamodel;
		};
/* End XCVersionGroup section */
	};
	rootObject = 3E8D3F31257CE82C0037B458 /* Project object */;
}
